
Microsoft Visual Studio Solution File, Format Version 12.00
# Visual Studio 2013
VisualStudioVersion = 12.0.40629.0
MinimumVisualStudioVersion = 10.0.40219.1
Project("{2150E333-8FDC-42A3-9474-1A3956D46DE8}") = "0 - Presentiton", "0 - Presentiton", "{F35F032C-EA91-4A6D-A91B-BEF396E7C0B1}"
EndProject
Project("{2150E333-8FDC-42A3-9474-1A3956D46DE8}") = "1 - Services", "1 - Services", "{969A134C-2AAE-4536-A6A9-0A848BA748BE}"
EndProject
Project("{2150E333-8FDC-42A3-9474-1A3956D46DE8}") = "2 - Application", "2 - Application", "{7E0C5FE0-D950-4CDE-87CF-9706B38AAACB}"
EndProject
Project("{2150E333-8FDC-42A3-9474-1A3956D46DE8}") = "3 - Domain", "3 - Domain", "{69C18530-7C16-46B2-A76E-D1DE3ED6CC53}"
EndProject
Project("{2150E333-8FDC-42A3-9474-1A3956D46DE8}") = "4 - Infra", "4 - Infra", "{93A3A512-6369-48B1-9DBA-A5FD755228FF}"
EndProject
Project("{2150E333-8FDC-42A3-9474-1A3956D46DE8}") = "4.1 - Data", "4.1 - Data", "{9DC43036-E362-45E9-96E8-5627C178C34F}"
EndProject
Project("{2150E333-8FDC-42A3-9474-1A3956D46DE8}") = "4.2 - CrossCutting", "4.2 - CrossCutting", "{69589A5A-65A4-4AA5-A3E9-6D3B106FFE7C}"
EndProject
Project("{FAE04EC0-301F-11D3-BF4B-00C04F79EFBC}") = "ProjetoDDDv2013.MVC", "ProjetoDDDv2013.MVC\ProjetoDDDv2013.MVC.csproj", "{27CB749C-A339-4FD3-BBCD-5ADC37678616}"
EndProject
Project("{FAE04EC0-301F-11D3-BF4B-00C04F79EFBC}") = "ProjetoDDDv2013.Domain", "ProjetoDDDv2013.Domain\ProjetoDDDv2013.Domain.csproj", "{25FE54BA-62BD-473E-BD98-CECAE2FC7E23}"
EndProject
Project("{FAE04EC0-301F-11D3-BF4B-00C04F79EFBC}") = "ProjetoDDDv2013.Infra.Data", "ProjetoDDDv2013.Infra.Data\ProjetoDDDv2013.Infra.Data.csproj", "{7C1432F3-0732-47D1-8464-C8CAF3B6543E}"
EndProject
Project("{FAE04EC0-301F-11D3-BF4B-00C04F79EFBC}") = "ProjetoDDDv2013.Application", "ProjetoDDDv2013.Application\ProjetoDDDv2013.Application.csproj", "{4C08C856-6E8E-431B-ACFA-24922EAC4259}"
EndProject
Project("{2150E333-8FDC-42A3-9474-1A3956D46DE8}") = "Entities", "Entities", "{975213D0-34CF-40C2-8C4B-B608293E2397}"
EndProject
Project("{2150E333-8FDC-42A3-9474-1A3956D46DE8}") = "Interfaces", "Interfaces", "{48829C1E-9683-4117-ACF8-302D85230431}"
EndProject
Project("{2150E333-8FDC-42A3-9474-1A3956D46DE8}") = "Services", "Services", "{82389731-81D6-494A-BA8F-3D42C2E5F8AA}"
EndProject
Global
	GlobalSection(SolutionConfigurationPlatforms) = preSolution
		Debug|Any CPU = Debug|Any CPU
		Release|Any CPU = Release|Any CPU
	EndGlobalSection
	GlobalSection(ProjectConfigurationPlatforms) = postSolution
		{27CB749C-A339-4FD3-BBCD-5ADC37678616}.Debug|Any CPU.ActiveCfg = Debug|Any CPU
		{27CB749C-A339-4FD3-BBCD-5ADC37678616}.Debug|Any CPU.Build.0 = Debug|Any CPU
		{27CB749C-A339-4FD3-BBCD-5ADC37678616}.Release|Any CPU.ActiveCfg = Release|Any CPU
		{27CB749C-A339-4FD3-BBCD-5ADC37678616}.Release|Any CPU.Build.0 = Release|Any CPU
		{25FE54BA-62BD-473E-BD98-CECAE2FC7E23}.Debug|Any CPU.ActiveCfg = Debug|Any CPU
		{25FE54BA-62BD-473E-BD98-CECAE2FC7E23}.Debug|Any CPU.Build.0 = Debug|Any CPU
		{25FE54BA-62BD-473E-BD98-CECAE2FC7E23}.Release|Any CPU.ActiveCfg = Release|Any CPU
		{25FE54BA-62BD-473E-BD98-CECAE2FC7E23}.Release|Any CPU.Build.0 = Release|Any CPU
		{7C1432F3-0732-47D1-8464-C8CAF3B6543E}.Debug|Any CPU.ActiveCfg = Debug|Any CPU
		{7C1432F3-0732-47D1-8464-C8CAF3B6543E}.Debug|Any CPU.Build.0 = Debug|Any CPU
		{7C1432F3-0732-47D1-8464-C8CAF3B6543E}.Release|Any CPU.ActiveCfg = Release|Any CPU
		{7C1432F3-0732-47D1-8464-C8CAF3B6543E}.Release|Any CPU.Build.0 = Release|Any CPU
		{4C08C856-6E8E-431B-ACFA-24922EAC4259}.Debug|Any CPU.ActiveCfg = Debug|Any CPU
		{4C08C856-6E8E-431B-ACFA-24922EAC4259}.Debug|Any CPU.Build.0 = Debug|Any CPU
		{4C08C856-6E8E-431B-ACFA-24922EAC4259}.Release|Any CPU.ActiveCfg = Release|Any CPU
		{4C08C856-6E8E-431B-ACFA-24922EAC4259}.Release|Any CPU.Build.0 = Release|Any CPU
	EndGlobalSection
	GlobalSection(SolutionProperties) = preSolution
		HideSolutionNode = FALSE
	EndGlobalSection
	GlobalSection(NestedProjects) = preSolution
		{9DC43036-E362-45E9-96E8-5627C178C34F} = {93A3A512-6369-48B1-9DBA-A5FD755228FF}
		{69589A5A-65A4-4AA5-A3E9-6D3B106FFE7C} = {93A3A512-6369-48B1-9DBA-A5FD755228FF}
		{27CB749C-A339-4FD3-BBCD-5ADC37678616} = {F35F032C-EA91-4A6D-A91B-BEF396E7C0B1}
		{25FE54BA-62BD-473E-BD98-CECAE2FC7E23} = {69C18530-7C16-46B2-A76E-D1DE3ED6CC53}
		{7C1432F3-0732-47D1-8464-C8CAF3B6543E} = {9DC43036-E362-45E9-96E8-5627C178C34F}
		{4C08C856-6E8E-431B-ACFA-24922EAC4259} = {7E0C5FE0-D950-4CDE-87CF-9706B38AAACB}
		{975213D0-34CF-40C2-8C4B-B608293E2397} = {69C18530-7C16-46B2-A76E-D1DE3ED6CC53}
		{48829C1E-9683-4117-ACF8-302D85230431} = {69C18530-7C16-46B2-A76E-D1DE3ED6CC53}
		{82389731-81D6-494A-BA8F-3D42C2E5F8AA} = {69C18530-7C16-46B2-A76E-D1DE3ED6CC53}
	EndGlobalSection
EndGlobal
